
Microsoft Visual Studio Solution File, Format Version 12.00
# Visual Studio Version 16
VisualStudioVersion = 16.0.31729.503
MinimumVisualStudioVersion = 10.0.40219.1
Project("{151D2E53-A2C4-4D7D-83FE-D05416EBD58E}") = "enercare.crm.logicApp.retrieveBlobFile", "enercare.crm.logicApp.retrieveBlobFile\enercare.crm.logicApp.retrieveBlobFile.deployproj", "{C0289AB9-7238-44B9-9700-FD1B6492A02C}"
EndProject
Global
	GlobalSection(SolutionConfigurationPlatforms) = preSolution
		Debug|Any CPU = Debug|Any CPU
		Release|Any CPU = Release|Any CPU
	EndGlobalSection
	GlobalSection(ProjectConfigurationPlatforms) = postSolution
		{C0289AB9-7238-44B9-9700-FD1B6492A02C}.Debug|Any CPU.ActiveCfg = Debug|Any CPU
		{C0289AB9-7238-44B9-9700-FD1B6492A02C}.Debug|Any CPU.Build.0 = Debug|Any CPU
		{C0289AB9-7238-44B9-9700-FD1B6492A02C}.Release|Any CPU.ActiveCfg = Release|Any CPU
		{C0289AB9-7238-44B9-9700-FD1B6492A02C}.Release|Any CPU.Build.0 = Release|Any CPU
	EndGlobalSection
	GlobalSection(SolutionProperties) = preSolution
		HideSolutionNode = FALSE
	EndGlobalSection
	GlobalSection(ExtensibilityGlobals) = postSolution
		SolutionGuid = {0F95D050-DD4E-43AF-B5DE-04C5E8ACAC0E}
	EndGlobalSection
EndGlobal
